# THIS IS AN AUTOGENERATED FILE. DO NOT EDIT THIS FILE DIRECTLY.
# yarn lockfile v1


esbuild@^0.4.1:
  version "0.4.1"
  resolved "https://registry.yarnpkg.com/esbuild/-/esbuild-0.4.1.tgz#c746146278b8f71d9de473304ed89f5a9deccdea"
  integrity sha512-84KjyYa1hgrHe01Qrsbf+anzcWWf6EA51TtRzZwLtphNd/Zf+V/fBT0jd3I+F+p+gB7+MFAS9pw4pxXOWPhHkA==
